
Microsoft Visual Studio Solution File, Format Version 12.00
# Visual Studio Version 17
VisualStudioVersion = 17.2.32207.465
MinimumVisualStudioVersion = 10.0.40219.1
Project("{9A19103F-16F7-4668-BE54-9A1E7A4F7556}") = "StandAloneApp", "StandAloneApp.csproj", "{166FD7EB-B434-47DF-8932-C00669E7EE54}"
EndProject
Global
	GlobalSection(SolutionConfigurationPlatforms) = preSolution
		Debug|Any CPU = Debug|Any CPU
		Release|Any CPU = Release|Any CPU
	EndGlobalSection
	GlobalSection(ProjectConfigurationPlatforms) = postSolution
		{166FD7EB-B434-47DF-8932-C00669E7EE54}.Debug|Any CPU.ActiveCfg = Debug|Any CPU
		{166FD7EB-B434-47DF-8932-C00669E7EE54}.Debug|Any CPU.Build.0 = Debug|Any CPU
		{166FD7EB-B434-47DF-8932-C00669E7EE54}.Release|Any CPU.ActiveCfg = Release|Any CPU
		{166FD7EB-B434-47DF-8932-C00669E7EE54}.Release|Any CPU.Build.0 = Release|Any CPU
	EndGlobalSection
	GlobalSection(SolutionProperties) = preSolution
		HideSolutionNode = FALSE
	EndGlobalSection
	GlobalSection(ExtensibilityGlobals) = postSolution
		SolutionGuid = {A2E596BB-1A53-46A2-AACA-56EA0A78422C}
	EndGlobalSection
EndGlobal
